<?xml version="1.0" encoding="utf-8"?>
<Project ToolsVersion="4.0" xmlns="http://schemas.microsoft.com/developer/msbuild/2003">
  <ItemGroup>
    <Filter Include="Source Files">
      <UniqueIdentifier>{4FC737F1-C7A5-4376-A066-2A32D752A2FF}</UniqueIdentifier>
      <Extensions>cpp;c;cc;cxx;def;odl;idl;hpj;bat;asm;asmx</Extensions>
    </Filter>
    <Filter Include="Header Files">
      <UniqueIdentifier>{93995380-89BD-4b04-88EB-625FBE52EBFB}</UniqueIdentifier>
      <Extensions>h;hh;hpp;hxx;hm;inl;inc;xsd</Extensions>
    </Filter>
    <Filter Include="Resource Files">
      <UniqueIdentifier>{67DA6AB6-F800-4c08-8B7A-83BB121AAD01}</UniqueIdentifier>
      <Extensions>rc;ico;cur;bmp;dlg;rc2;rct;bin;rgs;gif;jpg;jpeg;jpe;resx;tiff;tif;png;wav;mfcribbon-ms</Extensions>
    </Filter>
    <Filter Include="Header Files\Economy">
      <UniqueIdentifier>{c49b0264-3fda-437e-9525-9a824501b22e}</UniqueIdentifier>
    </Filter>
    <Filter Include="Source Files\Economy">
      <UniqueIdentifier>{11aa0530-4e0f-4c0a-af5e-322ae776aafa}</UniqueIdentifier>
    </Filter>
    <Filter Include="Header Files\Army">
      <UniqueIdentifier>{ecf3db8e-efbc-4d62-9172-bad99d8fab51}</UniqueIdentifier>
    </Filter>
    <Filter Include="Source Files\Army">
      <UniqueIdentifier>{c69fe78d-cdac-48ed-a639-bdfb2049f6e1}</UniqueIdentifier>
    </Filter>
  </ItemGroup>
  <ItemGroup>
    <ClCompile Include="src\KBot.cpp">
      <Filter>Source Files</Filter>
    </ClCompile>
    <ClCompile Include="src\DllMain.cpp">
      <Filter>Source Files</Filter>
    </ClCompile>
    <ClCompile Include="src\Base.cpp">
      <Filter>Source Files\Economy</Filter>
    </ClCompile>
    <ClCompile Include="src\Manager.cpp">
      <Filter>Source Files\Economy</Filter>
    </ClCompile>
    <ClCompile Include="src\General.cpp">
      <Filter>Source Files\Army</Filter>
    </ClCompile>
    <ClCompile Include="src\Squad.cpp">
      <Filter>Source Files\Army</Filter>
    </ClCompile>
  </ItemGroup>
  <ItemGroup>
    <ClInclude Include="src\KBot.h">
      <Filter>Header Files</Filter>
    </ClInclude>
    <ClInclude Include="src\Base.h">
      <Filter>Header Files\Economy</Filter>
    </ClInclude>
    <ClInclude Include="src\Manager.h">
      <Filter>Header Files\Economy</Filter>
    </ClInclude>
    <ClInclude Include="src\General.h">
      <Filter>Header Files\Army</Filter>
    </ClInclude>
    <ClInclude Include="src\Squad.h">
      <Filter>Header Files\Army</Filter>
    </ClInclude>
    <ClInclude Include="src\utils.h">
      <Filter>Header Files</Filter>
    </ClInclude>
  </ItemGroup>
  <ItemGroup>
    <None Include="README.md" />
  </ItemGroup>
</Project>